// !$*UTF8*$!
{
	archiveVersion = 1;
	classes = {
	};
	objectVersion = 50;
	objects = {

/* Begin PBXBuildFile section */
		E698E71A2574A2F400E19005 /* AppDelegate.swift in Sources */ = {isa = PBXBuildFile; fileRef = E698E7192574A2F400E19005 /* AppDelegate.swift */; };
		E698E71C2574A2F400E19005 /* SceneDelegate.swift in Sources */ = {isa = PBXBuildFile; fileRef = E698E71B2574A2F400E19005 /* SceneDelegate.swift */; };
		E698E71E2574A2F400E19005 /* ViewController.swift in Sources */ = {isa = PBXBuildFile; fileRef = E698E71D2574A2F400E19005 /* ViewController.swift */; };
		E698E7212574A2F400E19005 /* Main.storyboard in Resources */ = {isa = PBXBuildFile; fileRef = E698E71F2574A2F400E19005 /* Main.storyboard */; };
		E698E7232574A2F700E19005 /* Assets.xcassets in Resources */ = {isa = PBXBuildFile; fileRef = E698E7222574A2F700E19005 /* Assets.xcassets */; };
		E698E7262574A2F700E19005 /* LaunchScreen.storyboard in Resources */ = {isa = PBXBuildFile; fileRef = E698E7242574A2F700E19005 /* LaunchScreen.storyboard */; };
		E698E7312574A2F700E19005 /* SlideshowTests.swift in Sources */ = {isa = PBXBuildFile; fileRef = E698E7302574A2F700E19005 /* SlideshowTests.swift */; };
		E698E73C2574A2F700E19005 /* SlideshowUITests.swift in Sources */ = {isa = PBXBuildFile; fileRef = E698E73B2574A2F700E19005 /* SlideshowUITests.swift */; };
/* End PBXBuildFile section */

/* Begin PBXContainerItemProxy section */
		E698E72D2574A2F700E19005 /* PBXContainerItemProxy */ = {
			isa = PBXContainerItemProxy;
			containerPortal = E698E70E2574A2F400E19005 /* Project object */;
			proxyType = 1;
			remoteGlobalIDString = E698E7152574A2F400E19005;
			remoteInfo = Slideshow;
		};
		E698E7382574A2F700E19005 /* PBXContainerItemProxy */ = {
			isa = PBXContainerItemProxy;
			containerPortal = E698E70E2574A2F400E19005 /* Project object */;
			proxyType = 1;
			remoteGlobalIDString = E698E7152574A2F400E19005;
			remoteInfo = Slideshow;
		};
/* End PBXContainerItemProxy section */

/* Begin PBXFileReference section */
		E698E7162574A2F400E19005 /* Slideshow.app */ = {isa = PBXFileReference; explicitFileType = wrapper.application; includeInIndex = 0; path = Slideshow.app; sourceTree = BUILT_PRODUCTS_DIR; };
		E698E7192574A2F400E19005 /* AppDelegate.swift */ = {isa = PBXFileReference; lastKnownFileType = sourcecode.swift; path = AppDelegate.swift; sourceTree = "<group>"; };
		E698E71B2574A2F400E19005 /* SceneDelegate.swift */ = {isa = PBXFileReference; lastKnownFileType = sourcecode.swift; path = SceneDelegate.swift; sourceTree = "<group>"; };
		E698E71D2574A2F400E19005 /* ViewController.swift */ = {isa = PBXFileReference; lastKnownFileType = sourcecode.swift; path = ViewController.swift; sourceTree = "<group>"; };
		E698E7202574A2F400E19005 /* Base */ = {isa = PBXFileReference; lastKnownFileType = file.storyboard; name = Base; path = Base.lproj/Main.storyboard; sourceTree = "<group>"; };
		E698E7222574A2F700E19005 /* Assets.xcassets */ = {isa = PBXFileReference; lastKnownFileType = folder.assetcatalog; path = Assets.xcassets; sourceTree = "<group>"; };
		E698E7252574A2F700E19005 /* Base */ = {isa = PBXFileReference; lastKnownFileType = file.storyboard; name = Base; path = Base.lproj/LaunchScreen.storyboard; sourceTree = "<group>"; };
		E698E7272574A2F700E19005 /* Info.plist */ = {isa = PBXFileReference; lastKnownFileType = text.plist.xml; path = Info.plist; sourceTree = "<group>"; };
		E698E72C2574A2F700E19005 /* SlideshowTests.xctest */ = {isa = PBXFileReference; explicitFileType = wrapper.cfbundle; includeInIndex = 0; path = SlideshowTests.xctest; sourceTree = BUILT_PRODUCTS_DIR; };
		E698E7302574A2F700E19005 /* SlideshowTests.swift */ = {isa = PBXFileReference; lastKnownFileType = sourcecode.swift; path = SlideshowTests.swift; sourceTree = "<group>"; };
		E698E7322574A2F700E19005 /* Info.plist */ = {isa = PBXFileReference; lastKnownFileType = text.plist.xml; path = Info.plist; sourceTree = "<group>"; };
		E698E7372574A2F700E19005 /* SlideshowUITests.xctest */ = {isa = PBXFileReference; explicitFileType = wrapper.cfbundle; includeInIndex = 0; path = SlideshowUITests.xctest; sourceTree = BUILT_PRODUCTS_DIR; };
		E698E73B2574A2F700E19005 /* SlideshowUITests.swift */ = {isa = PBXFileReference; lastKnownFileType = sourcecode.swift; path = SlideshowUITests.swift; sourceTree = "<group>"; };
		E698E73D2574A2F700E19005 /* Info.plist */ = {isa = PBXFileReference; lastKnownFileType = text.plist.xml; path = Info.plist; sourceTree = "<group>"; };
/* End PBXFileReference section */

/* Begin PBXFrameworksBuildPhase section */
		E698E7132574A2F400E19005 /* Frameworks */ = {
			isa = PBXFrameworksBuildPhase;
			buildActionMask = 2147483647;
			files = (
			);
			runOnlyForDeploymentPostprocessing = 0;
		};
		E698E7292574A2F700E19005 /* Frameworks */ = {
			isa = PBXFrameworksBuildPhase;
			buildActionMask = 2147483647;
			files = (
			);
			runOnlyForDeploymentPostprocessing = 0;
		};
		E698E7342574A2F700E19005 /* Frameworks */ = {
			isa = PBXFrameworksBuildPhase;
			buildActionMask = 2147483647;
			files = (
			);
			runOnlyForDeploymentPostprocessing = 0;
		};
/* End PBXFrameworksBuildPhase section */

/* Begin PBXGroup section */
		E698E70D2574A2F400E19005 = {
			isa = PBXGroup;
			children = (
				E698E7182574A2F400E19005 /* Slideshow */,
				E698E72F2574A2F700E19005 /* SlideshowTests */,
				E698E73A2574A2F700E19005 /* SlideshowUITests */,
				E698E7172574A2F400E19005 /* Products */,
			);
			sourceTree = "<group>";
		};
		E698E7172574A2F400E19005 /* Products */ = {
			isa = PBXGroup;
			children = (
				E698E7162574A2F400E19005 /* Slideshow.app */,
				E698E72C2574A2F700E19005 /* SlideshowTests.xctest */,
				E698E7372574A2F700E19005 /* SlideshowUITests.xctest */,
			);
			name = Products;
			sourceTree = "<group>";
		};
		E698E7182574A2F400E19005 /* Slideshow */ = {
			isa = PBXGroup;
			children = (
				E698E7192574A2F400E19005 /* AppDelegate.swift */,
				E698E71B2574A2F400E19005 /* SceneDelegate.swift */,
				E698E71D2574A2F400E19005 /* ViewController.swift */,
				E698E71F2574A2F400E19005 /* Main.storyboard */,
				E698E7222574A2F700E19005 /* Assets.xcassets */,
				E698E7242574A2F700E19005 /* LaunchScreen.storyboard */,
				E698E7272574A2F700E19005 /* Info.plist */,
			);
			path = Slideshow;
			sourceTree = "<group>";
		};
		E698E72F2574A2F700E19005 /* SlideshowTests */ = {
			isa = PBXGroup;
			children = (
				E698E7302574A2F700E19005 /* SlideshowTests.swift */,
				E698E7322574A2F700E19005 /* Info.plist */,
			);
			path = SlideshowTests;
			sourceTree = "<group>";
		};
		E698E73A2574A2F700E19005 /* SlideshowUITests */ = {
			isa = PBXGroup;
			children = (
				E698E73B2574A2F700E19005 /* SlideshowUITests.swift */,
				E698E73D2574A2F700E19005 /* Info.plist */,
			);
			path = SlideshowUITests;
			sourceTree = "<group>";
		};
/* End PBXGroup section */

/* Begin PBXNativeTarget section */
		E698E7152574A2F400E19005 /* Slideshow */ = {
			isa = PBXNativeTarget;
			buildConfigurationList = E698E7402574A2F700E19005 /* Build configuration list for PBXNativeTarget "Slideshow" */;
			buildPhases = (
				E698E7122574A2F400E19005 /* Sources */,
				E698E7132574A2F400E19005 /* Frameworks */,
				E698E7142574A2F400E19005 /* Resources */,
			);
			buildRules = (
			);
			dependencies = (
			);
			name = Slideshow;
			productName = Slideshow;
			productReference = E698E7162574A2F400E19005 /* Slideshow.app */;
			productType = "com.apple.product-type.application";
		};
		E698E72B2574A2F700E19005 /* SlideshowTests */ = {
			isa = PBXNativeTarget;
			buildConfigurationList = E698E7432574A2F700E19005 /* Build configuration list for PBXNativeTarget "SlideshowTests" */;
			buildPhases = (
				E698E7282574A2F700E19005 /* Sources */,
				E698E7292574A2F700E19005 /* Frameworks */,
				E698E72A2574A2F700E19005 /* Resources */,
			);
			buildRules = (
			);
			dependencies = (
				E698E72E2574A2F700E19005 /* PBXTargetDependency */,
			);
			name = SlideshowTests;
			productName = SlideshowTests;
			productReference = E698E72C2574A2F700E19005 /* SlideshowTests.xctest */;
			productType = "com.apple.product-type.bundle.unit-test";
		};
		E698E7362574A2F700E19005 /* SlideshowUITests */ = {
			isa = PBXNativeTarget;
			buildConfigurationList = E698E7462574A2F700E19005 /* Build configuration list for PBXNativeTarget "SlideshowUITests" */;
			buildPhases = (
				E698E7332574A2F700E19005 /* Sources */,
				E698E7342574A2F700E19005 /* Frameworks */,
				E698E7352574A2F700E19005 /* Resources */,
			);
			buildRules = (
			);
			dependencies = (
				E698E7392574A2F700E19005 /* PBXTargetDependency */,
			);
			name = SlideshowUITests;
			productName = SlideshowUITests;
			productReference = E698E7372574A2F700E19005 /* SlideshowUITests.xctest */;
			productType = "com.apple.product-type.bundle.ui-testing";
		};
/* End PBXNativeTarget section */

/* Begin PBXProject section */
		E698E70E2574A2F400E19005 /* Project object */ = {
			isa = PBXProject;
			attributes = {
				LastSwiftUpdateCheck = 1220;
				LastUpgradeCheck = 1220;
				TargetAttributes = {
					E698E7152574A2F400E19005 = {
						CreatedOnToolsVersion = 12.2;
					};
					E698E72B2574A2F700E19005 = {
						CreatedOnToolsVersion = 12.2;
						TestTargetID = E698E7152574A2F400E19005;
					};
					E698E7362574A2F700E19005 = {
						CreatedOnToolsVersion = 12.2;
						TestTargetID = E698E7152574A2F400E19005;
					};
				};
			};
			buildConfigurationList = E698E7112574A2F400E19005 /* Build configuration list for PBXProject "Slideshow" */;
			compatibilityVersion = "Xcode 9.3";
			developmentRegion = en;
			hasScannedForEncodings = 0;
			knownRegions = (
				en,
				Base,
			);
			mainGroup = E698E70D2574A2F400E19005;
			productRefGroup = E698E7172574A2F400E19005 /* Products */;
			projectDirPath = "";
			projectRoot = "";
			targets = (
				E698E7152574A2F400E19005 /* Slideshow */,
				E698E72B2574A2F700E19005 /* SlideshowTests */,
				E698E7362574A2F700E19005 /* SlideshowUITests */,
			);
		};
/* End PBXProject section */

/* Begin PBXResourcesBuildPhase section */
		E698E7142574A2F400E19005 /* Resources */ = {
			isa = PBXResourcesBuildPhase;
			buildActionMask = 2147483647;
			files = (
				E698E7262574A2F700E19005 /* LaunchScreen.storyboard in Resources */,
				E698E7232574A2F700E19005 /* Assets.xcassets in Resources */,
				E698E7212574A2F400E19005 /* Main.storyboard in Resources */,
			);
			runOnlyForDeploymentPostprocessing = 0;
		};
		E698E72A2574A2F700E19005 /* Resources */ = {
			isa = PBXResourcesBuildPhase;
			buildActionMask = 2147483647;
			files = (
			);
			runOnlyForDeploymentPostprocessing = 0;
		};
		E698E7352574A2F700E19005 /* Resources */ = {
			isa = PBXResourcesBuildPhase;
			buildActionMask = 2147483647;
			files = (
			);
			runOnlyForDeploymentPostprocessing = 0;
		};
/* End PBXResourcesBuildPhase section */

/* Begin PBXSourcesBuildPhase section */
		E698E7122574A2F400E19005 /* Sources */ = {
			isa = PBXSourcesBuildPhase;
			buildActionMask = 2147483647;
			files = (
				E698E71E2574A2F400E19005 /* ViewController.swift in Sources */,
				E698E71A2574A2F400E19005 /* AppDelegate.swift in Sources */,
				E698E71C2574A2F400E19005 /* SceneDelegate.swift in Sources */,
			);
			runOnlyForDeploymentPostprocessing = 0;
		};
		E698E7282574A2F700E19005 /* Sources */ = {
			isa = PBXSourcesBuildPhase;
			buildActionMask = 2147483647;
			files = (
				E698E7312574A2F700E19005 /* SlideshowTests.swift in Sources */,
			);
			runOnlyForDeploymentPostprocessing = 0;
		};
		E698E7332574A2F700E19005 /* Sources */ = {
			isa = PBXSourcesBuildPhase;
			buildActionMask = 2147483647;
			files = (
				E698E73C2574A2F700E19005 /* SlideshowUITests.swift in Sources */,
			);
			runOnlyForDeploymentPostprocessing = 0;
		};
/* End PBXSourcesBuildPhase section */

/* Begin PBXTargetDependency section */
		E698E72E2574A2F700E19005 /* PBXTargetDependency */ = {
			isa = PBXTargetDependency;
			target = E698E7152574A2F400E19005 /* Slideshow */;
			targetProxy = E698E72D2574A2F700E19005 /* PBXContainerItemProxy */;
		};
		E698E7392574A2F700E19005 /* PBXTargetDependency */ = {
			isa = PBXTargetDependency;
			target = E698E7152574A2F400E19005 /* Slideshow */;
			targetProxy = E698E7382574A2F700E19005 /* PBXContainerItemProxy */;
		};
/* End PBXTargetDependency section */

/* Begin PBXVariantGroup section */
		E698E71F2574A2F400E19005 /* Main.storyboard */ = {
			isa = PBXVariantGroup;
			children = (
				E698E7202574A2F400E19005 /* Base */,
			);
			name = Main.storyboard;
			sourceTree = "<group>";
		};
		E698E7242574A2F700E19005 /* LaunchScreen.storyboard */ = {
			isa = PBXVariantGroup;
			children = (
				E698E7252574A2F700E19005 /* Base */,
			);
			name = LaunchScreen.storyboard;
			sourceTree = "<group>";
		};
/* End PBXVariantGroup section */

/* Begin XCBuildConfiguration section */
		E698E73E2574A2F700E19005 /* Debug */ = {
			isa = XCBuildConfiguration;
			buildSettings = {
				ALWAYS_SEARCH_USER_PATHS = NO;
				CLANG_ANALYZER_NONNULL = YES;
				CLANG_ANALYZER_NUMBER_OBJECT_CONVERSION = YES_AGGRESSIVE;
				CLANG_CXX_LANGUAGE_STANDARD = "gnu++14";
				CLANG_CXX_LIBRARY = "libc++";
				CLANG_ENABLE_MODULES = YES;
				CLANG_ENABLE_OBJC_ARC = YES;
				CLANG_ENABLE_OBJC_WEAK = YES;
				CLANG_WARN_BLOCK_CAPTURE_AUTORELEASING = YES;
				CLANG_WARN_BOOL_CONVERSION = YES;
				CLANG_WARN_COMMA = YES;
				CLANG_WARN_CONSTANT_CONVERSION = YES;
				CLANG_WARN_DEPRECATED_OBJC_IMPLEMENTATIONS = YES;
				CLANG_WARN_DIRECT_OBJC_ISA_USAGE = YES_ERROR;
				CLANG_WARN_DOCUMENTATION_COMMENTS = YES;
				CLANG_WARN_EMPTY_BODY = YES;
				CLANG_WARN_ENUM_CONVERSION = YES;
				CLANG_WARN_INFINITE_RECURSION = YES;
				CLANG_WARN_INT_CONVERSION = YES;
				CLANG_WARN_NON_LITERAL_NULL_CONVERSION = YES;
				CLANG_WARN_OBJC_IMPLICIT_RETAIN_SELF = YES;
				CLANG_WARN_OBJC_LITERAL_CONVERSION = YES;
				CLANG_WARN_OBJC_ROOT_CLASS = YES_ERROR;
				CLANG_WARN_QUOTED_INCLUDE_IN_FRAMEWORK_HEADER = YES;
				CLANG_WARN_RANGE_LOOP_ANALYSIS = YES;
				CLANG_WARN_STRICT_PROTOTYPES = YES;
				CLANG_WARN_SUSPICIOUS_MOVE = YES;
				CLANG_WARN_UNGUARDED_AVAILABILITY = YES_AGGRESSIVE;
				CLANG_WARN_UNREACHABLE_CODE = YES;
				CLANG_WARN__DUPLICATE_METHOD_MATCH = YES;
				COPY_PHASE_STRIP = NO;
				DEBUG_INFORMATION_FORMAT = dwarf;
				ENABLE_STRICT_OBJC_MSGSEND = YES;
				ENABLE_TESTABILITY = YES;
				GCC_C_LANGUAGE_STANDARD = gnu11;
				GCC_DYNAMIC_NO_PIC = NO;
				GCC_NO_COMMON_BLOCKS = YES;
				GCC_OPTIMIZATION_LEVEL = 0;
				GCC_PREPROCESSOR_DEFINITIONS = (
					"DEBUG=1",
					"$(inherited)",
				);
				GCC_WARN_64_TO_32_BIT_CONVERSION = YES;
				GCC_WARN_ABOUT_RETURN_TYPE = YES_ERROR;
				GCC_WARN_UNDECLARED_SELECTOR = YES;
				GCC_WARN_UNINITIALIZED_AUTOS = YES_AGGRESSIVE;
				GCC_WARN_UNUSED_FUNCTION = YES;
				GCC_WARN_UNUSED_VARIABLE = YES;
				IPHONEOS_DEPLOYMENT_TARGET = 14.2;
				MTL_ENABLE_DEBUG_INFO = INCLUDE_SOURCE;
				MTL_FAST_MATH = YES;
				ONLY_ACTIVE_ARCH = YES;
				SDKROOT = iphoneos;
				SWIFT_ACTIVE_COMPILATION_CONDITIONS = DEBUG;
				SWIFT_OPTIMIZATION_LEVEL = "-Onone";
			};
			name = Debug;
		};
		E698E73F2574A2F700E19005 /* Release */ = {
			isa = XCBuildConfiguration;
			buildSettings = {
				ALWAYS_SEARCH_USER_PATHS = NO;
				CLANG_ANALYZER_NONNULL = YES;
				CLANG_ANALYZER_NUMBER_OBJECT_CONVERSION = YES_AGGRESSIVE;
				CLANG_CXX_LANGUAGE_STANDARD = "gnu++14";
				CLANG_CXX_LIBRARY = "libc++";
				CLANG_ENABLE_MODULES = YES;
				CLANG_ENABLE_OBJC_ARC = YES;
				CLANG_ENABLE_OBJC_WEAK = YES;
				CLANG_WARN_BLOCK_CAPTURE_AUTORELEASING = YES;
				CLANG_WARN_BOOL_CONVERSION = YES;
				CLANG_WARN_COMMA = YES;
				CLANG_WARN_CONSTANT_CONVERSION = YES;
				CLANG_WARN_DEPRECATED_OBJC_IMPLEMENTATIONS = YES;
				CLANG_WARN_DIRECT_OBJC_ISA_USAGE = YES_ERROR;
				CLANG_WARN_DOCUMENTATION_COMMENTS = YES;
				CLANG_WARN_EMPTY_BODY = YES;
				CLANG_WARN_ENUM_CONVERSION = YES;
				CLANG_WARN_INFINITE_RECURSION = YES;
				CLANG_WARN_INT_CONVERSION = YES;
				CLANG_WARN_NON_LITERAL_NULL_CONVERSION = YES;
				CLANG_WARN_OBJC_IMPLICIT_RETAIN_SELF = YES;
				CLANG_WARN_OBJC_LITERAL_CONVERSION = YES;
				CLANG_WARN_OBJC_ROOT_CLASS = YES_ERROR;
				CLANG_WARN_QUOTED_INCLUDE_IN_FRAMEWORK_HEADER = YES;
				CLANG_WARN_RANGE_LOOP_ANALYSIS = YES;
				CLANG_WARN_STRICT_PROTOTYPES = YES;
				CLANG_WARN_SUSPICIOUS_MOVE = YES;
				CLANG_WARN_UNGUARDED_AVAILABILITY = YES_AGGRESSIVE;
				CLANG_WARN_UNREACHABLE_CODE = YES;
				CLANG_WARN__DUPLICATE_METHOD_MATCH = YES;
				COPY_PHASE_STRIP = NO;
				DEBUG_INFORMATION_FORMAT = "dwarf-with-dsym";
				ENABLE_NS_ASSERTIONS = NO;
				ENABLE_STRICT_OBJC_MSGSEND = YES;
				GCC_C_LANGUAGE_STANDARD = gnu11;
				GCC_NO_COMMON_BLOCKS = YES;
				GCC_WARN_64_TO_32_BIT_CONVERSION = YES;
				GCC_WARN_ABOUT_RETURN_TYPE = YES_ERROR;
				GCC_WARN_UNDECLARED_SELECTOR = YES;
				GCC_WARN_UNINITIALIZED_AUTOS = YES_AGGRESSIVE;
				GCC_WARN_UNUSED_FUNCTION = YES;
				GCC_WARN_UNUSED_VARIABLE = YES;
				IPHONEOS_DEPLOYMENT_TARGET = 14.2;
				MTL_ENABLE_DEBUG_INFO = NO;
				MTL_FAST_MATH = YES;
				SDKROOT = iphoneos;
				SWIFT_COMPILATION_MODE = wholemodule;
				SWIFT_OPTIMIZATION_LEVEL = "-O";
				VALIDATE_PRODUCT = YES;
			};
			name = Release;
		};
		E698E7412574A2F700E19005 /* Debug */ = {
			isa = XCBuildConfiguration;
			buildSettings = {
				ASSETCATALOG_COMPILER_APPICON_NAME = AppIcon;
				ASSETCATALOG_COMPILER_GLOBAL_ACCENT_COLOR_NAME = AccentColor;
				CODE_SIGN_STYLE = Automatic;
				DEVELOPMENT_TEAM = F3R2G55BH4;
				INFOPLIST_FILE = Slideshow/Info.plist;
				LD_RUNPATH_SEARCH_PATHS = (
					"$(inherited)",
					"@executable_path/Frameworks",
				);
				PRODUCT_BUNDLE_IDENTIFIER = Translation.Slideshow;
				PRODUCT_NAME = "$(TARGET_NAME)";
				SWIFT_VERSION = 5.0;
				TARGETED_DEVICE_FAMILY = "1,2";
			};
			name = Debug;
		};
		E698E7422574A2F700E19005 /* Release */ = {
			isa = XCBuildConfiguration;
			buildSettings = {
				ASSETCATALOG_COMPILER_APPICON_NAME = AppIcon;
				ASSETCATALOG_COMPILER_GLOBAL_ACCENT_COLOR_NAME = AccentColor;
				CODE_SIGN_STYLE = Automatic;
				DEVELOPMENT_TEAM = F3R2G55BH4;
				INFOPLIST_FILE = Slideshow/Info.plist;
				LD_RUNPATH_SEARCH_PATHS = (
					"$(inherited)",
					"@executable_path/Frameworks",
				);
				PRODUCT_BUNDLE_IDENTIFIER = Translation.Slideshow;
				PRODUCT_NAME = "$(TARGET_NAME)";
				SWIFT_VERSION = 5.0;
				TARGETED_DEVICE_FAMILY = "1,2";
			};
			name = Release;
		};
		E698E7442574A2F700E19005 /* Debug */ = {
			isa = XCBuildConfiguration;
			buildSettings = {
				ALWAYS_EMBED_SWIFT_STANDARD_LIBRARIES = YES;
				BUNDLE_LOADER = "$(TEST_HOST)";
				CODE_SIGN_STYLE = Automatic;
				DEVELOPMENT_TEAM = F3R2G55BH4;
				INFOPLIST_FILE = SlideshowTests/Info.plist;
				IPHONEOS_DEPLOYMENT_TARGET = 14.2;
				LD_RUNPATH_SEARCH_PATHS = (
					"$(inherited)",
					"@executable_path/Frameworks",
					"@loader_path/Frameworks",
				);
				PRODUCT_BUNDLE_IDENTIFIER = Translation.SlideshowTests;
				PRODUCT_NAME = "$(TARGET_NAME)";
				SWIFT_VERSION = 5.0;
				TARGETED_DEVICE_FAMILY = "1,2";
				TEST_HOST = "$(BUILT_PRODUCTS_DIR)/Slideshow.app/Slideshow";
			};
			name = Debug;
		};
		E698E7452574A2F700E19005 /* Release */ = {
			isa = XCBuildConfiguration;
			buildSettings = {
				ALWAYS_EMBED_SWIFT_STANDARD_LIBRARIES = YES;
				BUNDLE_LOADER = "$(TEST_HOST)";
				CODE_SIGN_STYLE = Automatic;
				DEVELOPMENT_TEAM = F3R2G55BH4;
				INFOPLIST_FILE = SlideshowTests/Info.plist;
				IPHONEOS_DEPLOYMENT_TARGET = 14.2;
				LD_RUNPATH_SEARCH_PATHS = (
					"$(inherited)",
					"@executable_path/Frameworks",
					"@loader_path/Frameworks",
				);
				PRODUCT_BUNDLE_IDENTIFIER = Translation.SlideshowTests;
				PRODUCT_NAME = "$(TARGET_NAME)";
				SWIFT_VERSION = 5.0;
				TARGETED_DEVICE_FAMILY = "1,2";
				TEST_HOST = "$(BUILT_PRODUCTS_DIR)/Slideshow.app/Slideshow";
			};
			name = Release;
		};
		E698E7472574A2F700E19005 /* Debug */ = {
			isa = XCBuildConfiguration;
			buildSettings = {
				ALWAYS_EMBED_SWIFT_STANDARD_LIBRARIES = YES;
				CODE_SIGN_STYLE = Automatic;
				DEVELOPMENT_TEAM = F3R2G55BH4;
				INFOPLIST_FILE = SlideshowUITests/Info.plist;
				LD_RUNPATH_SEARCH_PATHS = (
					"$(inherited)",
					"@executable_path/Frameworks",
					"@loader_path/Frameworks",
				);
				PRODUCT_BUNDLE_IDENTIFIER = Translation.SlideshowUITests;
				PRODUCT_NAME = "$(TARGET_NAME)";
				SWIFT_VERSION = 5.0;
				TARGETED_DEVICE_FAMILY = "1,2";
				TEST_TARGET_NAME = Slideshow;
			};
			name = Debug;
		};
		E698E7482574A2F700E19005 /* Release */ = {
			isa = XCBuildConfiguration;
			buildSettings = {
				ALWAYS_EMBED_SWIFT_STANDARD_LIBRARIES = YES;
				CODE_SIGN_STYLE = Automatic;
				DEVELOPMENT_TEAM = F3R2G55BH4;
				INFOPLIST_FILE = SlideshowUITests/Info.plist;
				LD_RUNPATH_SEARCH_PATHS = (
					"$(inherited)",
					"@executable_path/Frameworks",
					"@loader_path/Frameworks",
				);
				PRODUCT_BUNDLE_IDENTIFIER = Translation.SlideshowUITests;
				PRODUCT_NAME = "$(TARGET_NAME)";
				SWIFT_VERSION = 5.0;
				TARGETED_DEVICE_FAMILY = "1,2";
				TEST_TARGET_NAME = Slideshow;
			};
			name = Release;
		};
/* End XCBuildConfiguration section */

/* Begin XCConfigurationList section */
		E698E7112574A2F400E19005 /* Build configuration list for PBXProject "Slideshow" */ = {
			isa = XCConfigurationList;
			buildConfigurations = (
				E698E73E2574A2F700E19005 /* Debug */,
				E698E73F2574A2F700E19005 /* Release */,
			);
			defaultConfigurationIsVisible = 0;
			defaultConfigurationName = Release;
		};
		E698E7402574A2F700E19005 /* Build configuration list for PBXNativeTarget "Slideshow" */ = {
			isa = XCConfigurationList;
			buildConfigurations = (
				E698E7412574A2F700E19005 /* Debug */,
				E698E7422574A2F700E19005 /* Release */,
			);
			defaultConfigurationIsVisible = 0;
			defaultConfigurationName = Release;
		};
		E698E7432574A2F700E19005 /* Build configuration list for PBXNativeTarget "SlideshowTests" */ = {
			isa = XCConfigurationList;
			buildConfigurations = (
				E698E7442574A2F700E19005 /* Debug */,
				E698E7452574A2F700E19005 /* Release */,
			);
			defaultConfigurationIsVisible = 0;
			defaultConfigurationName = Release;
		};
		E698E7462574A2F700E19005 /* Build configuration list for PBXNativeTarget "SlideshowUITests" */ = {
			isa = XCConfigurationList;
			buildConfigurations = (
				E698E7472574A2F700E19005 /* Debug */,
				E698E7482574A2F700E19005 /* Release */,
			);
			defaultConfigurationIsVisible = 0;
			defaultConfigurationName = Release;
		};
/* End XCConfigurationList section */
	};
	rootObject = E698E70E2574A2F400E19005 /* Project object */;
}
